Microsoft Visual Studio Solution File, Format Version 12.00
# Visual Studio Version 16
VisualStudioVersion = 16.0.28531.58
MinimumVisualStudioVersion = 10.0.40219.1
Project("{FAE04EC0-301F-11D3-BF4B-00C04F79EFBC}") = "Scriptie", "Scriptie\Scriptie.csproj", "{492FA5F7-EF52-42CC-B905-F55DC82B44E6}"
EndProject
Global
	GlobalSection(SolutionConfigurationPlatforms) = preSolution
		Debug|Any CPU = Debug|Any CPU
		LiveSite|Any CPU = LiveSite|Any CPU
		Release|Any CPU = Release|Any CPU
		TestSite|Any CPU = TestSite|Any CPU
		testtest|Any CPU = testtest|Any CPU
	EndGlobalSection
	GlobalSection(ProjectConfigurationPlatforms) = postSolution
		{492FA5F7-EF52-42CC-B905-F55DC82B44E6}.Debug|Any CPU.ActiveCfg = Debug|Any CPU
		{492FA5F7-EF52-42CC-B905-F55DC82B44E6}.Debug|Any CPU.Build.0 = Debug|Any CPU
		{492FA5F7-EF52-42CC-B905-F55DC82B44E6}.LiveSite|Any CPU.ActiveCfg = LiveSite|Any CPU
		{492FA5F7-EF52-42CC-B905-F55DC82B44E6}.LiveSite|Any CPU.Build.0 = LiveSite|Any CPU
		{492FA5F7-EF52-42CC-B905-F55DC82B44E6}.Release|Any CPU.ActiveCfg = Release|Any CPU
		{492FA5F7-EF52-42CC-B905-F55DC82B44E6}.Release|Any CPU.Build.0 = Release|Any CPU
		{492FA5F7-EF52-42CC-B905-F55DC82B44E6}.TestSite|Any CPU.ActiveCfg = TestSite|Any CPU
		{492FA5F7-EF52-42CC-B905-F55DC82B44E6}.TestSite|Any CPU.Build.0 = TestSite|Any CPU
		{492FA5F7-EF52-42CC-B905-F55DC82B44E6}.testtest|Any CPU.ActiveCfg = testtest|Any CPU
		{492FA5F7-EF52-42CC-B905-F55DC82B44E6}.testtest|Any CPU.Build.0 = testtest|Any CPU
	EndGlobalSection
	GlobalSection(SolutionProperties) = preSolution
		HideSolutionNode = FALSE
	EndGlobalSection
	GlobalSection(ExtensibilityGlobals) = postSolution
		SolutionGuid = {B5062215-FE90-430A-9197-061F415445D2}
	EndGlobalSection
EndGlobal
